
Microsoft Visual Studio Solution File, Format Version 12.00
# Visual Studio Version 16
VisualStudioVersion = 16.0.30128.74
MinimumVisualStudioVersion = 10.0.40219.1
Project("{2150E333-8FDC-42A3-9474-1A3956D46DE8}") = "1-Presentations", "1-Presentations", "{85212DED-F8F1-4503-A51D-FDF4E6D9E9BC}"
EndProject
Project("{2150E333-8FDC-42A3-9474-1A3956D46DE8}") = "2-Services", "2-Services", "{1F75E328-7502-47B2-99CC-DDFDC27670E9}"
EndProject
Project("{2150E333-8FDC-42A3-9474-1A3956D46DE8}") = "3-Applications", "3-Applications", "{AE704032-FFF6-4211-8B25-820582E24C63}"
EndProject
Project("{2150E333-8FDC-42A3-9474-1A3956D46DE8}") = "4-Domain", "4-Domain", "{080FD36F-2824-4172-B38C-F395AABF928B}"
EndProject
Project("{2150E333-8FDC-42A3-9474-1A3956D46DE8}") = "5-Infarastructures", "5-Infarastructures", "{ACF648DF-B77F-424D-97DB-0EF1DBB5BCAC}"
EndProject
Project("{2150E333-8FDC-42A3-9474-1A3956D46DE8}") = "src", "src", "{79F1097A-F77C-49EA-A4EE-B19FA5A788EF}"
EndProject
Project("{2150E333-8FDC-42A3-9474-1A3956D46DE8}") = "6-Entities", "6-Entities", "{55894F1C-430D-4F9E-931D-765CD22DA427}"
EndProject
Project("{2150E333-8FDC-42A3-9474-1A3956D46DE8}") = "docs", "docs", "{824A7F68-257F-46A8-8869-F0BA0A880681}"
EndProject
Project("{FAE04EC0-301F-11D3-BF4B-00C04F79EFBC}") = "Domain", "src\Domain\Domain.csproj", "{DECE8729-98A8-4BA3-89BC-7572805E2DD5}"
EndProject
Project("{FAE04EC0-301F-11D3-BF4B-00C04F79EFBC}") = "Infrastructure", "src\Infrastructure\Infrastructure.csproj", "{E748D031-37EC-4AAF-A972-15F8ECC5403E}"
EndProject
Project("{FAE04EC0-301F-11D3-BF4B-00C04F79EFBC}") = "Entity", "src\Entity\Entity.csproj", "{F7F83123-D9CD-4171-BECA-886DD8C3C9E6}"
EndProject
Project("{FAE04EC0-301F-11D3-BF4B-00C04F79EFBC}") = "Financeiro.UI", "src\Financeiro.UI\Financeiro.UI.csproj", "{C04FB199-F2EC-4ADA-A112-BB90B613A4E1}"
EndProject
Project("{FAE04EC0-301F-11D3-BF4B-00C04F79EFBC}") = "Finaceiro.Web.UI", "src\Finaceiro.Web.UI\Finaceiro.Web.UI.csproj", "{7E42F4B9-9E76-44C2-A635-069BCDAA4B6E}"
EndProject
Global
	GlobalSection(SolutionConfigurationPlatforms) = preSolution
		Debug|Any CPU = Debug|Any CPU
		Release|Any CPU = Release|Any CPU
	EndGlobalSection
	GlobalSection(ProjectConfigurationPlatforms) = postSolution
		{DECE8729-98A8-4BA3-89BC-7572805E2DD5}.Debug|Any CPU.ActiveCfg = Debug|Any CPU
		{DECE8729-98A8-4BA3-89BC-7572805E2DD5}.Debug|Any CPU.Build.0 = Debug|Any CPU
		{DECE8729-98A8-4BA3-89BC-7572805E2DD5}.Release|Any CPU.ActiveCfg = Release|Any CPU
		{DECE8729-98A8-4BA3-89BC-7572805E2DD5}.Release|Any CPU.Build.0 = Release|Any CPU
		{E748D031-37EC-4AAF-A972-15F8ECC5403E}.Debug|Any CPU.ActiveCfg = Debug|Any CPU
		{E748D031-37EC-4AAF-A972-15F8ECC5403E}.Debug|Any CPU.Build.0 = Debug|Any CPU
		{E748D031-37EC-4AAF-A972-15F8ECC5403E}.Release|Any CPU.ActiveCfg = Release|Any CPU
		{E748D031-37EC-4AAF-A972-15F8ECC5403E}.Release|Any CPU.Build.0 = Release|Any CPU
		{F7F83123-D9CD-4171-BECA-886DD8C3C9E6}.Debug|Any CPU.ActiveCfg = Debug|Any CPU
		{F7F83123-D9CD-4171-BECA-886DD8C3C9E6}.Debug|Any CPU.Build.0 = Debug|Any CPU
		{F7F83123-D9CD-4171-BECA-886DD8C3C9E6}.Release|Any CPU.ActiveCfg = Release|Any CPU
		{F7F83123-D9CD-4171-BECA-886DD8C3C9E6}.Release|Any CPU.Build.0 = Release|Any CPU
		{C04FB199-F2EC-4ADA-A112-BB90B613A4E1}.Debug|Any CPU.ActiveCfg = Debug|Any CPU
		{C04FB199-F2EC-4ADA-A112-BB90B613A4E1}.Debug|Any CPU.Build.0 = Debug|Any CPU
		{C04FB199-F2EC-4ADA-A112-BB90B613A4E1}.Release|Any CPU.ActiveCfg = Release|Any CPU
		{C04FB199-F2EC-4ADA-A112-BB90B613A4E1}.Release|Any CPU.Build.0 = Release|Any CPU
		{7E42F4B9-9E76-44C2-A635-069BCDAA4B6E}.Debug|Any CPU.ActiveCfg = Debug|Any CPU
		{7E42F4B9-9E76-44C2-A635-069BCDAA4B6E}.Debug|Any CPU.Build.0 = Debug|Any CPU
		{7E42F4B9-9E76-44C2-A635-069BCDAA4B6E}.Release|Any CPU.ActiveCfg = Release|Any CPU
		{7E42F4B9-9E76-44C2-A635-069BCDAA4B6E}.Release|Any CPU.Build.0 = Release|Any CPU
	EndGlobalSection
	GlobalSection(SolutionProperties) = preSolution
		HideSolutionNode = FALSE
	EndGlobalSection
	GlobalSection(NestedProjects) = preSolution
		{85212DED-F8F1-4503-A51D-FDF4E6D9E9BC} = {79F1097A-F77C-49EA-A4EE-B19FA5A788EF}
		{1F75E328-7502-47B2-99CC-DDFDC27670E9} = {79F1097A-F77C-49EA-A4EE-B19FA5A788EF}
		{AE704032-FFF6-4211-8B25-820582E24C63} = {79F1097A-F77C-49EA-A4EE-B19FA5A788EF}
		{080FD36F-2824-4172-B38C-F395AABF928B} = {79F1097A-F77C-49EA-A4EE-B19FA5A788EF}
		{ACF648DF-B77F-424D-97DB-0EF1DBB5BCAC} = {79F1097A-F77C-49EA-A4EE-B19FA5A788EF}
		{55894F1C-430D-4F9E-931D-765CD22DA427} = {79F1097A-F77C-49EA-A4EE-B19FA5A788EF}
		{DECE8729-98A8-4BA3-89BC-7572805E2DD5} = {080FD36F-2824-4172-B38C-F395AABF928B}
		{E748D031-37EC-4AAF-A972-15F8ECC5403E} = {ACF648DF-B77F-424D-97DB-0EF1DBB5BCAC}
		{F7F83123-D9CD-4171-BECA-886DD8C3C9E6} = {55894F1C-430D-4F9E-931D-765CD22DA427}
		{C04FB199-F2EC-4ADA-A112-BB90B613A4E1} = {85212DED-F8F1-4503-A51D-FDF4E6D9E9BC}
		{7E42F4B9-9E76-44C2-A635-069BCDAA4B6E} = {85212DED-F8F1-4503-A51D-FDF4E6D9E9BC}
	EndGlobalSection
	GlobalSection(ExtensibilityGlobals) = postSolution
		SolutionGuid = {DE1771D0-5CC3-47D6-BC49-9201C12E64D5}
	EndGlobalSection
EndGlobal
